{
  "name": "@kmamal/quadtree",
  "version": "0.0.0",
  "lockfileVersion": 3,
  "requires": true,
  "packages": {
    "": {
      "name": "@kmamal/quadtree",
      "version": "0.0.0",
      "license": "MIT",
      "dependencies": {
        "@kmamal/util": "^0.2.24"
      }
    },
    "node_modules/@kmamal/heap": {
      "version": "0.0.9",
      "resolved": "https://registry.npmjs.org/@kmamal/heap/-/heap-0.0.9.tgz",
      "integrity": "sha512-hBs4W15f+i89sHRXbOJm/E+IOIh53gZ9vzFVQJzOZs4TLUGM2OydSPm0SG6lmi3x7jpVRfCf/gn+vFoYvHBlgg==",
      "license": "MIT",
      "dependencies": {
        "@kmamal/util": "^0.1.13"
      }
    },
    "node_modules/@kmamal/heap/node_modules/@kmamal/heap": {
      "version": "0.0.7",
      "resolved": "https://registry.npmjs.org/@kmamal/heap/-/heap-0.0.7.tgz",
      "integrity": "sha512-iERysjNkc5uizK6fJRZGcjgMfGZDgSZm/MxG/rF4THGndcfBp5mLRMe3dioKlKCvqWNBk9ZcnqkDNM+ga2Eo0w==",
      "license": "MIT",
      "dependencies": {
        "@kmamal/util": "^0.1.13"
      }
    },
    "node_modules/@kmamal/heap/node_modules/@kmamal/linked-list": {
      "version": "0.0.1",
      "resolved": "https://registry.npmjs.org/@kmamal/linked-list/-/linked-list-0.0.1.tgz",
      "integrity": "sha512-+zh1gjJHikF196idEBJ6kqw81FGU3pzzahAFdErv5K0ZzctbTb/p1ANquDGwZ2Xm6a6rD8efWdmtGGFh/Rbghw==",
      "license": "MIT"
    },
    "node_modules/@kmamal/heap/node_modules/@kmamal/util": {
      "version": "0.1.15",
      "resolved": "https://registry.npmjs.org/@kmamal/util/-/util-0.1.15.tgz",
      "integrity": "sha512-elKShVVD+xlOnPG/1XqtvCrBmxcXD0FYaaVplYAqOkJnWKrv3OW/yTrt92jiJHxXUJfv6aJqdlsoEbqrRxLVNQ==",
      "license": "MIT",
      "dependencies": {
        "@kmamal/heap": "^0.0.7",
        "@kmamal/linked-list": "^0.0.1"
      }
    },
    "node_modules/@kmamal/linked-list": {
      "version": "0.0.2",
      "resolved": "https://registry.npmjs.org/@kmamal/linked-list/-/linked-list-0.0.2.tgz",
      "integrity": "sha512-DEOB4yypyBD45Qvpq208RXGoaVxoNCEL940z+WnVwh7Fjfv4QXc9TMXc6ijQMavRjLVxiUzZOfKo0minDc2KDg=="
    },
    "node_modules/@kmamal/util": {
      "version": "0.2.24",
      "resolved": "https://registry.npmjs.org/@kmamal/util/-/util-0.2.24.tgz",
      "integrity": "sha512-RBOtCztCdCVKVjK3emD2mSTbrGM6LeAxInjV39fOb2bwJoY791DM3GzY8sjgLoHwpLXkFan9H7fJfZYGONVGWQ==",
      "license": "MIT",
      "dependencies": {
        "@kmamal/async": "^0.0.13",
        "@kmamal/heap": "^0.0.9",
        "@kmamal/linked-list": "^0.0.2"
      }
    },
    "node_modules/@kmamal/util/node_modules/@kmamal/async": {
      "version": "0.0.13",
      "resolved": "https://registry.npmjs.org/@kmamal/async/-/async-0.0.13.tgz",
      "integrity": "sha512-mILPNcqNIHpBZGQoyKa/jY83RXFFilWRRBdQVByRLbxMipLdqJisiH3cPDDJosujd9OMrxW8168qxlI1oOMcIA==",
      "license": "MIT"
    }
  }
}
